
Microsoft Visual Studio Solution File, Format Version 12.00
# Visual Studio Version 17
VisualStudioVersion = 17.8.34330.188
MinimumVisualStudioVersion = 10.0.40219.1
Project("{9A19103F-16F7-4668-BE54-9A1E7A4F7556}") = "gRPC.TaskManagement.BL", "gRPC.TaskManagement.BL\gRPC.TaskManagement.BL.csproj", "{748B3BA5-6AA1-47F5-8D63-D4E58D3A6F01}"
EndProject
Project("{9A19103F-16F7-4668-BE54-9A1E7A4F7556}") = "gRPC.TaskManagement.DAL", "gRPC.TaskManagement.DAL\gRPC.TaskManagement.DAL.csproj", "{42304881-F07B-4AC6-AFBE-5415DE23BC24}"
EndProject
Project("{FAE04EC0-301F-11D3-BF4B-00C04F79EFBC}") = "gRPC.TaskManagement.Presentation", "gRPC.TaskManagement.Presentation\gRPC.TaskManagement.Presentation.csproj", "{37CEB569-77E5-4183-AAC4-251F07A2CA79}"
EndProject
Global
	GlobalSection(SolutionConfigurationPlatforms) = preSolution
		Debug|Any CPU = Debug|Any CPU
		Release|Any CPU = Release|Any CPU
	EndGlobalSection
	GlobalSection(ProjectConfigurationPlatforms) = postSolution
		{748B3BA5-6AA1-47F5-8D63-D4E58D3A6F01}.Debug|Any CPU.ActiveCfg = Debug|Any CPU
		{748B3BA5-6AA1-47F5-8D63-D4E58D3A6F01}.Debug|Any CPU.Build.0 = Debug|Any CPU
		{748B3BA5-6AA1-47F5-8D63-D4E58D3A6F01}.Release|Any CPU.ActiveCfg = Release|Any CPU
		{748B3BA5-6AA1-47F5-8D63-D4E58D3A6F01}.Release|Any CPU.Build.0 = Release|Any CPU
		{42304881-F07B-4AC6-AFBE-5415DE23BC24}.Debug|Any CPU.ActiveCfg = Debug|Any CPU
		{42304881-F07B-4AC6-AFBE-5415DE23BC24}.Debug|Any CPU.Build.0 = Debug|Any CPU
		{42304881-F07B-4AC6-AFBE-5415DE23BC24}.Release|Any CPU.ActiveCfg = Release|Any CPU
		{42304881-F07B-4AC6-AFBE-5415DE23BC24}.Release|Any CPU.Build.0 = Release|Any CPU
		{37CEB569-77E5-4183-AAC4-251F07A2CA79}.Debug|Any CPU.ActiveCfg = Debug|Any CPU
		{37CEB569-77E5-4183-AAC4-251F07A2CA79}.Debug|Any CPU.Build.0 = Debug|Any CPU
		{37CEB569-77E5-4183-AAC4-251F07A2CA79}.Release|Any CPU.ActiveCfg = Release|Any CPU
		{37CEB569-77E5-4183-AAC4-251F07A2CA79}.Release|Any CPU.Build.0 = Release|Any CPU
	EndGlobalSection
	GlobalSection(SolutionProperties) = preSolution
		HideSolutionNode = FALSE
	EndGlobalSection
	GlobalSection(ExtensibilityGlobals) = postSolution
		SolutionGuid = {02E9ECDA-66ED-45BF-9F05-601F4E2A2457}
	EndGlobalSection
EndGlobal
